{
    "_readme": [
        "This file locks the dependencies of your project to a known state",
        "Read more about it at https://getcomposer.org/doc/01-basic-usage.md#installing-dependencies",
        "This file is @generated automatically"
    ],
    "content-hash": "ec4d559879980badee1777806a2bf2df",
    "packages": [
        {
            "name": "brick/math",
            "version": "0.13.1",
            "source": {
                "type": "git",
                "url": "https://github.com/brick/math.git",
                "reference": "fc7ed316430118cc7836bf45faff18d5dfc8de04"
            },
            "dist": {
                "type": "zip",
                "url": "https://api.github.com/repos/brick/math/zipball/fc7ed316430118cc7836bf45faff18d5dfc8de04",
                "reference": "fc7ed316430118cc7836bf45faff18d5dfc8de04",
                "shasum": ""
            },
            "require": {
                "php": "^8.1"
            },
            "require-dev": {
                "php-coveralls/php-coveralls": "^2.2",
                "phpunit/phpunit": "^10.1",
                "vimeo/psalm": "6.8.8"
            },
            "type": "library",
            "autoload": {
                "psr-4": {
                    "Brick\\Math\\": "src/"
                }
            },
            "notification-url": "https://packagist.org/downloads/",
            "license": [
                "MIT"
            ],
            "description": "Arbitrary-precision arithmetic library",
            "keywords": [
                "Arbitrary-precision",
                "BigInteger",
                "BigRational",
                "arithmetic",
                "bigdecimal",
                "bignum",
                "bignumber",
                "brick",
                "decimal",
                "integer",
                "math",
                "mathematics",
                "rational"
            ],
            "support": {
                "issues": "https://github.com/brick/math/issues",
                "source": "https://github.com/brick/math/tree/0.13.1"
            },
            "funding": [
                {
                    "url": "https://github.com/BenMorel",
                    "type": "github"
                }
            ],
            "time": "2025-03-29T13:50:30+00:00"
        },
        {
            "name": "fivefilters/readability.php",
            "version": "v4.1.0",
            "source": {
                "type": "git",
                "url": "https://github.com/fivefilters/readability.php.git",
                "reference": "0e2370d2488f79651caf11164853e892775e294c"
            },
            "dist": {
                "type": "zip",
                "url": "https://api.github.com/repos/fivefilters/readability.php/zipball/0e2370d2488f79651caf11164853e892775e294c",
                "reference": "0e2370d2488f79651caf11164853e892775e294c",
                "shasum": ""
            },
            "require": {
                "ext-dom": "*",
                "ext-mbstring": "*",
                "php": ">=8.4",
                "psr/log": "^1.0 || ^2.0 || ^3.0",
                "rowbot/url": "^3.1.7 || ^4.0"
            },
            "require-dev": {
                "phpunit/phpunit": "^12.0",
                "vimeo/psalm": "^6"
            },
            "suggest": {
                "ext-uri": "Native WHATWG URL parsing, used automatically on PHP 8.5+ instead of rowbot/url"
            },
            "type": "library",
            "autoload": {
                "psr-4": {
                    "fivefilters\\Readability\\": "src/"
                }
            },
            "notification-url": "https://packagist.org/downloads/",
            "license": [
                "Apache-2.0"
            ],
            "authors": [
                {
                    "name": "Andres Rey",
                    "email": "andreskrey@gmail.com",
                    "role": "Original Developer"
                },
                {
                    "name": "Keyvan Minoukadeh",
                    "email": "keyvan@fivefilters.org",
                    "homepage": "https://www.fivefilters.org",
                    "role": "Developer/Maintainer"
                }
            ],
            "description": "A PHP port of Mozilla's Readability.js",
            "homepage": "https://github.com/fivefilters/readability.php",
            "keywords": [
                "html",
                "readability"
            ],
            "support": {
                "issues": "https://github.com/fivefilters/readability.php/issues",
                "source": "https://github.com/fivefilters/readability.php/tree/v4.1.0"
            },
            "time": "2026-07-18T21:16:58+00:00"
        },
        {
            "name": "psr/http-factory",
            "version": "1.1.0",
            "source": {
                "type": "git",
                "url": "https://github.com/php-fig/http-factory.git",
                "reference": "2b4765fddfe3b508ac62f829e852b1501d3f6e8a"
            },
            "dist": {
                "type": "zip",
                "url": "https://api.github.com/repos/php-fig/http-factory/zipball/2b4765fddfe3b508ac62f829e852b1501d3f6e8a",
                "reference": "2b4765fddfe3b508ac62f829e852b1501d3f6e8a",
                "shasum": ""
            },
            "require": {
                "php": ">=7.1",
                "psr/http-message": "^1.0 || ^2.0"
            },
            "type": "library",
            "extra": {
                "branch-alias": {
                    "dev-master": "1.0.x-dev"
                }
            },
            "autoload": {
                "psr-4": {
                    "Psr\\Http\\Message\\": "src/"
                }
            },
            "notification-url": "https://packagist.org/downloads/",
            "license": [
                "MIT"
            ],
            "authors": [
                {
                    "name": "PHP-FIG",
                    "homepage": "https://www.php-fig.org/"
                }
            ],
            "description": "PSR-17: Common interfaces for PSR-7 HTTP message factories",
            "keywords": [
                "factory",
                "http",
                "message",
                "psr",
                "psr-17",
                "psr-7",
                "request",
                "response"
            ],
            "support": {
                "source": "https://github.com/php-fig/http-factory"
            },
            "time": "2024-04-15T12:06:14+00:00"
        },
        {
            "name": "psr/http-message",
            "version": "2.0",
            "source": {
                "type": "git",
                "url": "https://github.com/php-fig/http-message.git",
                "reference": "402d35bcb92c70c026d1a6a9883f06b2ead23d71"
            },
            "dist": {
                "type": "zip",
                "url": "https://api.github.com/repos/php-fig/http-message/zipball/402d35bcb92c70c026d1a6a9883f06b2ead23d71",
                "reference": "402d35bcb92c70c026d1a6a9883f06b2ead23d71",
                "shasum": ""
            },
            "require": {
                "php": "^7.2 || ^8.0"
            },
            "type": "library",
            "extra": {
                "branch-alias": {
                    "dev-master": "2.0.x-dev"
                }
            },
            "autoload": {
                "psr-4": {
                    "Psr\\Http\\Message\\": "src/"
                }
            },
            "notification-url": "https://packagist.org/downloads/",
            "license": [
                "MIT"
            ],
            "authors": [
                {
                    "name": "PHP-FIG",
                    "homepage": "https://www.php-fig.org/"
                }
            ],
            "description": "Common interface for HTTP messages",
            "homepage": "https://github.com/php-fig/http-message",
            "keywords": [
                "http",
                "http-message",
                "psr",
                "psr-7",
                "request",
                "response"
            ],
            "support": {
                "source": "https://github.com/php-fig/http-message/tree/2.0"
            },
            "time": "2023-04-04T09:54:51+00:00"
        },
        {
            "name": "psr/log",
            "version": "3.0.2",
            "source": {
                "type": "git",
                "url": "https://github.com/php-fig/log.git",
                "reference": "f16e1d5863e37f8d8c2a01719f5b34baa2b714d3"
            },
            "dist": {
                "type": "zip",
                "url": "https://api.github.com/repos/php-fig/log/zipball/f16e1d5863e37f8d8c2a01719f5b34baa2b714d3",
                "reference": "f16e1d5863e37f8d8c2a01719f5b34baa2b714d3",
                "shasum": ""
            },
            "require": {
                "php": ">=8.0.0"
            },
            "type": "library",
            "extra": {
                "branch-alias": {
                    "dev-master": "3.x-dev"
                }
            },
            "autoload": {
                "psr-4": {
                    "Psr\\Log\\": "src"
                }
            },
            "notification-url": "https://packagist.org/downloads/",
            "license": [
                "MIT"
            ],
            "authors": [
                {
                    "name": "PHP-FIG",
                    "homepage": "https://www.php-fig.org/"
                }
            ],
            "description": "Common interface for logging libraries",
            "homepage": "https://github.com/php-fig/log",
            "keywords": [
                "log",
                "psr",
                "psr-3"
            ],
            "support": {
                "source": "https://github.com/php-fig/log/tree/3.0.2"
            },
            "time": "2024-09-11T13:17:53+00:00"
        },
        {
            "name": "rowbot/idna",
            "version": "0.3.0",
            "source": {
                "type": "git",
                "url": "https://github.com/TRowbotham/idna.git",
                "reference": "504900acc8e465a17668a61ae30391d1aebbb4f2"
            },
            "dist": {
                "type": "zip",
                "url": "https://api.github.com/repos/TRowbotham/idna/zipball/504900acc8e465a17668a61ae30391d1aebbb4f2",
                "reference": "504900acc8e465a17668a61ae30391d1aebbb4f2",
                "shasum": ""
            },
            "require": {
                "ext-mbstring": "*",
                "php": ">=8.1",
                "rowbot/punycode": "^1.0",
                "symfony/polyfill-intl-normalizer": "^1.18"
            },
            "require-dev": {
                "guzzlehttp/guzzle": "^6.5 || ^7.0",
                "phpstan/phpstan": "^2.1",
                "phpstan/phpstan-deprecation-rules": "^2.0",
                "phpstan/phpstan-strict-rules": "^2.0",
                "phpunit/phpunit": "^10.0 || ^11.0 || ^12.0",
                "squizlabs/php_codesniffer": "^3.7.1",
                "symfony/cache": "^5.0 || ^6.0 || ^7.0"
            },
            "type": "library",
            "autoload": {
                "psr-4": {
                    "Rowbot\\Idna\\": "src/",
                    "Rowbot\\Idna\\Resource\\": "resources/"
                }
            },
            "notification-url": "https://packagist.org/downloads/",
            "license": [
                "MIT"
            ],
            "authors": [
                {
                    "name": "Trevor Rowbotham"
                }
            ],
            "description": "An implementation of UTS#46 Unicode IDNA Compatibility Processing.",
            "keywords": [
                "idn",
                "idna",
                "international domain names",
                "iri",
                "tr46",
                "unicode",
                "uts46"
            ],
            "support": {
                "issues": "https://github.com/TRowbotham/idna/issues",
                "source": "https://github.com/TRowbotham/idna/tree/0.3.0"
            },
            "time": "2025-09-19T00:30:13+00:00"
        },
        {
            "name": "rowbot/punycode",
            "version": "1.0.4",
            "source": {
                "type": "git",
                "url": "https://github.com/TRowbotham/punycode.git",
                "reference": "ec116e99cb089a25d45147813d61bfa2deb29328"
            },
            "dist": {
                "type": "zip",
                "url": "https://api.github.com/repos/TRowbotham/punycode/zipball/ec116e99cb089a25d45147813d61bfa2deb29328",
                "reference": "ec116e99cb089a25d45147813d61bfa2deb29328",
                "shasum": ""
            },
            "require": {
                "php": ">=7.1"
            },
            "require-dev": {
                "ext-mbstring": "*",
                "phpstan/phpstan": "^1.2",
                "phpstan/phpstan-deprecation-rules": "^1.0",
                "phpstan/phpstan-strict-rules": "^1.0",
                "phpunit/phpunit": "^7.0 || ^8.0 || ^9.0",
                "squizlabs/php_codesniffer": "^3.5.1"
            },
            "type": "library",
            "autoload": {
                "psr-4": {
                    "Rowbot\\Punycode\\": "src/"
                }
            },
            "notification-url": "https://packagist.org/downloads/",
            "license": [
                "MIT"
            ],
            "authors": [
                {
                    "name": "Trevor Rowbotham",
                    "homepage": "https://trowbotham.com",
                    "role": "Developer"
                }
            ],
            "description": "A Bootstring encoding of Unicode for Internationalized Domain Names in Applications (IDNA).",
            "keywords": [
                "punycode",
                "rfc-3492",
                "rfc3492"
            ],
            "support": {
                "issues": "https://github.com/TRowbotham/punycode/issues",
                "source": "https://github.com/TRowbotham/punycode/tree/1.0.4"
            },
            "time": "2024-05-03T00:56:10+00:00"
        },
        {
            "name": "rowbot/url",
            "version": "4.1.0",
            "source": {
                "type": "git",
                "url": "https://github.com/TRowbotham/URL-Parser.git",
                "reference": "3087a67802a11796590e4bb9507981e48b077529"
            },
            "dist": {
                "type": "zip",
                "url": "https://api.github.com/repos/TRowbotham/URL-Parser/zipball/3087a67802a11796590e4bb9507981e48b077529",
                "reference": "3087a67802a11796590e4bb9507981e48b077529",
                "shasum": ""
            },
            "require": {
                "brick/math": "^0.12 || ^0.13",
                "ext-mbstring": "*",
                "php": ">=8.1",
                "psr/log": "^3.0",
                "rowbot/idna": "^0.3.0"
            },
            "require-dev": {
                "guzzlehttp/guzzle": "^7.0",
                "phpstan/phpstan": "^2.1",
                "phpstan/phpstan-deprecation-rules": "^2.0",
                "phpstan/phpstan-strict-rules": "^2.0",
                "phpunit/phpunit": "^10.0 || ^11.0 || ^12.0",
                "slevomat/coding-standard": "^8.0",
                "squizlabs/php_codesniffer": "^3.7.1",
                "symfony/cache": "^5.0 || ^6.0 || ^7.0"
            },
            "type": "library",
            "autoload": {
                "psr-4": {
                    "Rowbot\\URL\\": "src/"
                }
            },
            "notification-url": "https://packagist.org/downloads/",
            "license": [
                "MIT"
            ],
            "authors": [
                {
                    "name": "Trevor Rowbotham",
                    "homepage": "https://trowbotham.com",
                    "role": "Developer"
                }
            ],
            "description": "A WHATWG URL spec compliant URL parser for working with URLs and their query strings.",
            "keywords": [
                "WHATWG",
                "query-string",
                "querystring",
                "uri",
                "url",
                "url-parser",
                "url-parsing"
            ],
            "support": {
                "issues": "https://github.com/TRowbotham/URL-Parser/issues",
                "source": "https://github.com/TRowbotham/URL-Parser/tree/4.1.0"
            },
            "time": "2025-09-19T00:44:16+00:00"
        },
        {
            "name": "symfony/polyfill-intl-normalizer",
            "version": "v1.38.0",
            "source": {
                "type": "git",
                "url": "https://github.com/symfony/polyfill-intl-normalizer.git",
                "reference": "2d446c214bdbe5b71bde5011b060a05fece3ae6b"
            },
            "dist": {
                "type": "zip",
                "url": "https://api.github.com/repos/symfony/polyfill-intl-normalizer/zipball/2d446c214bdbe5b71bde5011b060a05fece3ae6b",
                "reference": "2d446c214bdbe5b71bde5011b060a05fece3ae6b",
                "shasum": ""
            },
            "require": {
                "php": ">=7.2"
            },
            "suggest": {
                "ext-intl": "For best performance"
            },
            "type": "library",
            "extra": {
                "thanks": {
                    "url": "https://github.com/symfony/polyfill",
                    "name": "symfony/polyfill"
                }
            },
            "autoload": {
                "files": [
                    "bootstrap.php"
                ],
                "psr-4": {
                    "Symfony\\Polyfill\\Intl\\Normalizer\\": ""
                },
                "classmap": [
                    "Resources/stubs"
                ]
            },
            "notification-url": "https://packagist.org/downloads/",
            "license": [
                "MIT"
            ],
            "authors": [
                {
                    "name": "Nicolas Grekas",
                    "email": "p@tchwork.com"
                },
                {
                    "name": "Symfony Community",
                    "homepage": "https://symfony.com/contributors"
                }
            ],
            "description": "Symfony polyfill for intl's Normalizer class and related functions",
            "homepage": "https://symfony.com",
            "keywords": [
                "compatibility",
                "intl",
                "normalizer",
                "polyfill",
                "portable",
                "shim"
            ],
            "support": {
                "source": "https://github.com/symfony/polyfill-intl-normalizer/tree/v1.38.0"
            },
            "funding": [
                {
                    "url": "https://symfony.com/sponsor",
                    "type": "custom"
                },
                {
                    "url": "https://github.com/fabpot",
                    "type": "github"
                },
                {
                    "url": "https://github.com/nicolas-grekas",
                    "type": "github"
                },
                {
                    "url": "https://tidelift.com/funding/github/packagist/symfony/symfony",
                    "type": "tidelift"
                }
            ],
            "time": "2026-05-25T13:48:31+00:00"
        }
    ],
    "packages-dev": [],
    "aliases": [],
    "minimum-stability": "stable",
    "stability-flags": {},
    "prefer-stable": true,
    "prefer-lowest": false,
    "platform": {},
    "platform-dev": {},
    "plugin-api-version": "2.9.0"
}
